
Microsoft Visual Studio Solution File, Format Version 12.00
# Visual Studio Version 17
VisualStudioVersion = 17.7.34221.43
MinimumVisualStudioVersion = 10.0.40219.1
Project("{FAE04EC0-301F-11D3-BF4B-00C04F79EFBC}") = "WpfTacheExtraction", "WpfTacheExtraction\WpfTacheExtraction.csproj", "{F04CCAF1-624E-44DB-A03C-F1255459177A}"
EndProject
Global
	GlobalSection(SolutionConfigurationPlatforms) = preSolution
		Debug|Any CPU = Debug|Any CPU
		Release|Any CPU = Release|Any CPU
	EndGlobalSection
	GlobalSection(ProjectConfigurationPlatforms) = postSolution
		{F04CCAF1-624E-44DB-A03C-F1255459177A}.Debug|Any CPU.ActiveCfg = Debug|Any CPU
		{F04CCAF1-624E-44DB-A03C-F1255459177A}.Debug|Any CPU.Build.0 = Debug|Any CPU
		{F04CCAF1-624E-44DB-A03C-F1255459177A}.Release|Any CPU.ActiveCfg = Release|Any CPU
		{F04CCAF1-624E-44DB-A03C-F1255459177A}.Release|Any CPU.Build.0 = Release|Any CPU
	EndGlobalSection
	GlobalSection(SolutionProperties) = preSolution
		HideSolutionNode = FALSE
	EndGlobalSection
	GlobalSection(ExtensibilityGlobals) = postSolution
		SolutionGuid = {9DCF9B4D-3434-4D01-A763-D159D565A5EC}
	EndGlobalSection
EndGlobal
